
Microsoft Visual Studio Solution File, Format Version 12.00
# Visual Studio 14
VisualStudioVersion = 14.0.25123.0
MinimumVisualStudioVersion = 10.0.40219.1
Project("{FAE04EC0-301F-11D3-BF4B-00C04F79EFBC}") = "MobileApi.Droid", "MobileApi\MobileApi.Droid\MobileApi.Droid.csproj", "{371ABA56-61F6-4A78-B514-FD848611249B}"
EndProject
Project("{FAE04EC0-301F-11D3-BF4B-00C04F79EFBC}") = "MobileApi.iOS", "MobileApi\MobileApi.iOS\MobileApi.iOS.csproj", "{14F41D5B-AFF9-4E07-AAAC-E9DF7131E86A}"
EndProject
Project("{FAE04EC0-301F-11D3-BF4B-00C04F79EFBC}") = "MobileApi.WinPhone", "MobileApi\MobileApi.WinPhone\MobileApi.WinPhone.csproj", "{844E07AE-D0DA-4A9A-9E30-866BC5727446}"
EndProject
Project("{FAE04EC0-301F-11D3-BF4B-00C04F79EFBC}") = "MobileApi.Windows", "MobileApi\MobileApi.Windows\MobileApi.Windows.csproj", "{D5F6196F-7957-4B03-89F9-399A57CF8E84}"
EndProject
Project("{D954291E-2A0B-460D-934E-DC6B0785DB48}") = "MobileApi", "MobileApi\MobileApi\MobileApi.shproj", "{582D26BC-B270-433D-927C-7E9F7DA708DE}"
EndProject
Global
	GlobalSection(SharedMSBuildProjectFiles) = preSolution
		MobileApi\MobileApi\MobileApi.projitems*{582d26bc-b270-433d-927c-7e9f7da708de}*SharedItemsImports = 13
		MobileApi\MobileApi\MobileApi.projitems*{371aba56-61f6-4a78-b514-fd848611249b}*SharedItemsImports = 4
		MobileApi\MobileApi\MobileApi.projitems*{844e07ae-d0da-4a9a-9e30-866bc5727446}*SharedItemsImports = 4
		MobileApi\MobileApi\MobileApi.projitems*{14f41d5b-aff9-4e07-aaac-e9df7131e86a}*SharedItemsImports = 4
	EndGlobalSection
	GlobalSection(SolutionConfigurationPlatforms) = preSolution
		Ad-Hoc|Any CPU = Ad-Hoc|Any CPU
		Ad-Hoc|ARM = Ad-Hoc|ARM
		Ad-Hoc|iPhone = Ad-Hoc|iPhone
		Ad-Hoc|iPhoneSimulator = Ad-Hoc|iPhoneSimulator
		Ad-Hoc|x64 = Ad-Hoc|x64
		Ad-Hoc|x86 = Ad-Hoc|x86
		AppStore|Any CPU = AppStore|Any CPU
		AppStore|ARM = AppStore|ARM
		AppStore|iPhone = AppStore|iPhone
		AppStore|iPhoneSimulator = AppStore|iPhoneSimulator
		AppStore|x64 = AppStore|x64
		AppStore|x86 = AppStore|x86
		Debug|Any CPU = Debug|Any CPU
		Debug|ARM = Debug|ARM
		Debug|iPhone = Debug|iPhone
		Debug|iPhoneSimulator = Debug|iPhoneSimulator
		Debug|x64 = Debug|x64
		Debug|x86 = Debug|x86
		Release|Any CPU = Release|Any CPU
		Release|ARM = Release|ARM
		Release|iPhone = Release|iPhone
		Release|iPhoneSimulator = Release|iPhoneSimulator
		Release|x64 = Release|x64
		Release|x86 = Release|x86
	EndGlobalSection
	GlobalSection(ProjectConfigurationPlatforms) = postSolution
		{371ABA56-61F6-4A78-B514-FD848611249B}.Ad-Hoc|Any CPU.ActiveCfg = Release|Any CPU
		{371ABA56-61F6-4A78-B514-FD848611249B}.Ad-Hoc|Any CPU.Build.0 = Release|Any CPU
		{371ABA56-61F6-4A78-B514-FD848611249B}.Ad-Hoc|Any CPU.Deploy.0 = Release|Any CPU
		{371ABA56-61F6-4A78-B514-FD848611249B}.Ad-Hoc|ARM.ActiveCfg = Release|Any CPU
		{371ABA56-61F6-4A78-B514-FD848611249B}.Ad-Hoc|ARM.Build.0 = Release|Any CPU
		{371ABA56-61F6-4A78-B514-FD848611249B}.Ad-Hoc|ARM.Deploy.0 = Release|Any CPU
		{371ABA56-61F6-4A78-B514-FD848611249B}.Ad-Hoc|iPhone.ActiveCfg = Release|Any CPU
		{371ABA56-61F6-4A78-B514-FD848611249B}.Ad-Hoc|iPhone.Build.0 = Release|Any CPU
		{371ABA56-61F6-4A78-B514-FD848611249B}.Ad-Hoc|iPhone.Deploy.0 = Release|Any CPU
		{371ABA56-61F6-4A78-B514-FD848611249B}.Ad-Hoc|iPhoneSimulator.ActiveCfg = Release|Any CPU
		{371ABA56-61F6-4A78-B514-FD848611249B}.Ad-Hoc|iPhoneSimulator.Build.0 = Release|Any CPU
		{371ABA56-61F6-4A78-B514-FD848611249B}.Ad-Hoc|iPhoneSimulator.Deploy.0 = Release|Any CPU
		{371ABA56-61F6-4A78-B514-FD848611249B}.Ad-Hoc|x64.ActiveCfg = Release|Any CPU
		{371ABA56-61F6-4A78-B514-FD848611249B}.Ad-Hoc|x64.Build.0 = Release|Any CPU
		{371ABA56-61F6-4A78-B514-FD848611249B}.Ad-Hoc|x64.Deploy.0 = Release|Any CPU
		{371ABA56-61F6-4A78-B514-FD848611249B}.Ad-Hoc|x86.ActiveCfg = Release|Any CPU
		{371ABA56-61F6-4A78-B514-FD848611249B}.Ad-Hoc|x86.Build.0 = Release|Any CPU
		{371ABA56-61F6-4A78-B514-FD848611249B}.Ad-Hoc|x86.Deploy.0 = Release|Any CPU
		{371ABA56-61F6-4A78-B514-FD848611249B}.AppStore|Any CPU.ActiveCfg = Release|Any CPU
		{371ABA56-61F6-4A78-B514-FD848611249B}.AppStore|Any CPU.Build.0 = Release|Any CPU
		{371ABA56-61F6-4A78-B514-FD848611249B}.AppStore|Any CPU.Deploy.0 = Release|Any CPU
		{371ABA56-61F6-4A78-B514-FD848611249B}.AppStore|ARM.ActiveCfg = Release|Any CPU
		{371ABA56-61F6-4A78-B514-FD848611249B}.AppStore|ARM.Build.0 = Release|Any CPU
		{371ABA56-61F6-4A78-B514-FD848611249B}.AppStore|ARM.Deploy.0 = Release|Any CPU
		{371ABA56-61F6-4A78-B514-FD848611249B}.AppStore|iPhone.ActiveCfg = Release|Any CPU
		{371ABA56-61F6-4A78-B514-FD848611249B}.AppStore|iPhone.Build.0 = Release|Any CPU
		{371ABA56-61F6-4A78-B514-FD848611249B}.AppStore|iPhone.Deploy.0 = Release|Any CPU
		{371ABA56-61F6-4A78-B514-FD848611249B}.AppStore|iPhoneSimulator.ActiveCfg = Release|Any CPU
		{371ABA56-61F6-4A78-B514-FD848611249B}.AppStore|iPhoneSimulator.Build.0 = Release|Any CPU
		{371ABA56-61F6-4A78-B514-FD848611249B}.AppStore|iPhoneSimulator.Deploy.0 = Release|Any CPU
		{371ABA56-61F6-4A78-B514-FD848611249B}.AppStore|x64.ActiveCfg = Release|Any CPU
		{371ABA56-61F6-4A78-B514-FD848611249B}.AppStore|x64.Build.0 = Release|Any CPU
		{371ABA56-61F6-4A78-B514-FD848611249B}.AppStore|x64.Deploy.0 = Release|Any CPU
		{371ABA56-61F6-4A78-B514-FD848611249B}.AppStore|x86.ActiveCfg = Release|Any CPU
		{371ABA56-61F6-4A78-B514-FD848611249B}.AppStore|x86.Build.0 = Release|Any CPU
		{371ABA56-61F6-4A78-B514-FD848611249B}.AppStore|x86.Deploy.0 = Release|Any CPU
		{371ABA56-61F6-4A78-B514-FD848611249B}.Debug|Any CPU.ActiveCfg = Debug|Any CPU
		{371ABA56-61F6-4A78-B514-FD848611249B}.Debug|Any CPU.Build.0 = Debug|Any CPU
		{371ABA56-61F6-4A78-B514-FD848611249B}.Debug|Any CPU.Deploy.0 = Debug|Any CPU
		{371ABA56-61F6-4A78-B514-FD848611249B}.Debug|ARM.ActiveCfg = Debug|Any CPU
		{371ABA56-61F6-4A78-B514-FD848611249B}.Debug|ARM.Build.0 = Debug|Any CPU
		{371ABA56-61F6-4A78-B514-FD848611249B}.Debug|ARM.Deploy.0 = Debug|Any CPU
		{371ABA56-61F6-4A78-B514-FD848611249B}.Debug|iPhone.ActiveCfg = Debug|Any CPU
		{371ABA56-61F6-4A78-B514-FD848611249B}.Debug|iPhone.Build.0 = Debug|Any CPU
		{371ABA56-61F6-4A78-B514-FD848611249B}.Debug|iPhone.Deploy.0 = Debug|Any CPU
		{371ABA56-61F6-4A78-B514-FD848611249B}.Debug|iPhoneSimulator.ActiveCfg = Debug|Any CPU
		{371ABA56-61F6-4A78-B514-FD848611249B}.Debug|iPhoneSimulator.Build.0 = Debug|Any CPU
		{371ABA56-61F6-4A78-B514-FD848611249B}.Debug|iPhoneSimulator.Deploy.0 = Debug|Any CPU
		{371ABA56-61F6-4A78-B514-FD848611249B}.Debug|x64.ActiveCfg = Debug|Any CPU
		{371ABA56-61F6-4A78-B514-FD848611249B}.Debug|x64.Build.0 = Debug|Any CPU
		{371ABA56-61F6-4A78-B514-FD848611249B}.Debug|x64.Deploy.0 = Debug|Any CPU
		{371ABA56-61F6-4A78-B514-FD848611249B}.Debug|x86.ActiveCfg = Debug|Any CPU
		{371ABA56-61F6-4A78-B514-FD848611249B}.Debug|x86.Build.0 = Debug|Any CPU
		{371ABA56-61F6-4A78-B514-FD848611249B}.Debug|x86.Deploy.0 = Debug|Any CPU
		{371ABA56-61F6-4A78-B514-FD848611249B}.Release|Any CPU.ActiveCfg = Release|Any CPU
		{371ABA56-61F6-4A78-B514-FD848611249B}.Release|Any CPU.Build.0 = Release|Any CPU
		{371ABA56-61F6-4A78-B514-FD848611249B}.Release|Any CPU.Deploy.0 = Release|Any CPU
		{371ABA56-61F6-4A78-B514-FD848611249B}.Release|ARM.ActiveCfg = Release|Any CPU
		{371ABA56-61F6-4A78-B514-FD848611249B}.Release|ARM.Build.0 = Release|Any CPU
		{371ABA56-61F6-4A78-B514-FD848611249B}.Release|ARM.Deploy.0 = Release|Any CPU
		{371ABA56-61F6-4A78-B514-FD848611249B}.Release|iPhone.ActiveCfg = Release|Any CPU
		{371ABA56-61F6-4A78-B514-FD848611249B}.Release|iPhone.Build.0 = Release|Any CPU
		{371ABA56-61F6-4A78-B514-FD848611249B}.Release|iPhone.Deploy.0 = Release|Any CPU
		{371ABA56-61F6-4A78-B514-FD848611249B}.Release|iPhoneSimulator.ActiveCfg = Release|Any CPU
		{371ABA56-61F6-4A78-B514-FD848611249B}.Release|iPhoneSimulator.Build.0 = Release|Any CPU
		{371ABA56-61F6-4A78-B514-FD848611249B}.Release|iPhoneSimulator.Deploy.0 = Release|Any CPU
		{371ABA56-61F6-4A78-B514-FD848611249B}.Release|x64.ActiveCfg = Release|Any CPU
		{371ABA56-61F6-4A78-B514-FD848611249B}.Release|x64.Build.0 = Release|Any CPU
		{371ABA56-61F6-4A78-B514-FD848611249B}.Release|x64.Deploy.0 = Release|Any CPU
		{371ABA56-61F6-4A78-B514-FD848611249B}.Release|x86.ActiveCfg = Release|Any CPU
		{371ABA56-61F6-4A78-B514-FD848611249B}.Release|x86.Build.0 = Release|Any CPU
		{371ABA56-61F6-4A78-B514-FD848611249B}.Release|x86.Deploy.0 = Release|Any CPU
		{14F41D5B-AFF9-4E07-AAAC-E9DF7131E86A}.Ad-Hoc|Any CPU.ActiveCfg = Ad-Hoc|iPhone
		{14F41D5B-AFF9-4E07-AAAC-E9DF7131E86A}.Ad-Hoc|ARM.ActiveCfg = Ad-Hoc|iPhone
		{14F41D5B-AFF9-4E07-AAAC-E9DF7131E86A}.Ad-Hoc|iPhone.ActiveCfg = Ad-Hoc|iPhone
		{14F41D5B-AFF9-4E07-AAAC-E9DF7131E86A}.Ad-Hoc|iPhone.Build.0 = Ad-Hoc|iPhone
		{14F41D5B-AFF9-4E07-AAAC-E9DF7131E86A}.Ad-Hoc|iPhoneSimulator.ActiveCfg = Ad-Hoc|iPhoneSimulator
		{14F41D5B-AFF9-4E07-AAAC-E9DF7131E86A}.Ad-Hoc|iPhoneSimulator.Build.0 = Ad-Hoc|iPhoneSimulator
		{14F41D5B-AFF9-4E07-AAAC-E9DF7131E86A}.Ad-Hoc|x64.ActiveCfg = Ad-Hoc|iPhone
		{14F41D5B-AFF9-4E07-AAAC-E9DF7131E86A}.Ad-Hoc|x86.ActiveCfg = Ad-Hoc|iPhone
		{14F41D5B-AFF9-4E07-AAAC-E9DF7131E86A}.AppStore|Any CPU.ActiveCfg = AppStore|iPhone
		{14F41D5B-AFF9-4E07-AAAC-E9DF7131E86A}.AppStore|ARM.ActiveCfg = AppStore|iPhone
		{14F41D5B-AFF9-4E07-AAAC-E9DF7131E86A}.AppStore|iPhone.ActiveCfg = AppStore|iPhone
		{14F41D5B-AFF9-4E07-AAAC-E9DF7131E86A}.AppStore|iPhone.Build.0 = AppStore|iPhone
		{14F41D5B-AFF9-4E07-AAAC-E9DF7131E86A}.AppStore|iPhoneSimulator.ActiveCfg = AppStore|iPhoneSimulator
		{14F41D5B-AFF9-4E07-AAAC-E9DF7131E86A}.AppStore|iPhoneSimulator.Build.0 = AppStore|iPhoneSimulator
		{14F41D5B-AFF9-4E07-AAAC-E9DF7131E86A}.AppStore|x64.ActiveCfg = AppStore|iPhone
		{14F41D5B-AFF9-4E07-AAAC-E9DF7131E86A}.AppStore|x86.ActiveCfg = AppStore|iPhone
		{14F41D5B-AFF9-4E07-AAAC-E9DF7131E86A}.Debug|Any CPU.ActiveCfg = Debug|iPhone
		{14F41D5B-AFF9-4E07-AAAC-E9DF7131E86A}.Debug|ARM.ActiveCfg = Debug|iPhone
		{14F41D5B-AFF9-4E07-AAAC-E9DF7131E86A}.Debug|iPhone.ActiveCfg = Debug|iPhone
		{14F41D5B-AFF9-4E07-AAAC-E9DF7131E86A}.Debug|iPhone.Build.0 = Debug|iPhone
		{14F41D5B-AFF9-4E07-AAAC-E9DF7131E86A}.Debug|iPhoneSimulator.ActiveCfg = Debug|iPhoneSimulator
		{14F41D5B-AFF9-4E07-AAAC-E9DF7131E86A}.Debug|iPhoneSimulator.Build.0 = Debug|iPhoneSimulator
		{14F41D5B-AFF9-4E07-AAAC-E9DF7131E86A}.Debug|x64.ActiveCfg = Debug|iPhone
		{14F41D5B-AFF9-4E07-AAAC-E9DF7131E86A}.Debug|x86.ActiveCfg = Debug|iPhone
		{14F41D5B-AFF9-4E07-AAAC-E9DF7131E86A}.Release|Any CPU.ActiveCfg = Release|iPhone
		{14F41D5B-AFF9-4E07-AAAC-E9DF7131E86A}.Release|ARM.ActiveCfg = Release|iPhone
		{14F41D5B-AFF9-4E07-AAAC-E9DF7131E86A}.Release|iPhone.ActiveCfg = Release|iPhone
		{14F41D5B-AFF9-4E07-AAAC-E9DF7131E86A}.Release|iPhone.Build.0 = Release|iPhone
		{14F41D5B-AFF9-4E07-AAAC-E9DF7131E86A}.Release|iPhoneSimulator.ActiveCfg = Release|iPhoneSimulator
		{14F41D5B-AFF9-4E07-AAAC-E9DF7131E86A}.Release|iPhoneSimulator.Build.0 = Release|iPhoneSimulator
		{14F41D5B-AFF9-4E07-AAAC-E9DF7131E86A}.Release|x64.ActiveCfg = Release|iPhone
		{14F41D5B-AFF9-4E07-AAAC-E9DF7131E86A}.Release|x86.ActiveCfg = Release|iPhone
		{844E07AE-D0DA-4A9A-9E30-866BC5727446}.Ad-Hoc|Any CPU.ActiveCfg = Release|Any CPU
		{844E07AE-D0DA-4A9A-9E30-866BC5727446}.Ad-Hoc|Any CPU.Build.0 = Release|Any CPU
		{844E07AE-D0DA-4A9A-9E30-866BC5727446}.Ad-Hoc|Any CPU.Deploy.0 = Release|Any CPU
		{844E07AE-D0DA-4A9A-9E30-866BC5727446}.Ad-Hoc|ARM.ActiveCfg = Release|ARM
		{844E07AE-D0DA-4A9A-9E30-866BC5727446}.Ad-Hoc|ARM.Build.0 = Release|ARM
		{844E07AE-D0DA-4A9A-9E30-866BC5727446}.Ad-Hoc|ARM.Deploy.0 = Release|ARM
		{844E07AE-D0DA-4A9A-9E30-866BC5727446}.Ad-Hoc|iPhone.ActiveCfg = Release|Any CPU
		{844E07AE-D0DA-4A9A-9E30-866BC5727446}.Ad-Hoc|iPhone.Build.0 = Release|Any CPU
		{844E07AE-D0DA-4A9A-9E30-866BC5727446}.Ad-Hoc|iPhone.Deploy.0 = Release|Any CPU
		{844E07AE-D0DA-4A9A-9E30-866BC5727446}.Ad-Hoc|iPhoneSimulator.ActiveCfg = Release|Any CPU
		{844E07AE-D0DA-4A9A-9E30-866BC5727446}.Ad-Hoc|iPhoneSimulator.Build.0 = Release|Any CPU
		{844E07AE-D0DA-4A9A-9E30-866BC5727446}.Ad-Hoc|iPhoneSimulator.Deploy.0 = Release|Any CPU
		{844E07AE-D0DA-4A9A-9E30-866BC5727446}.Ad-Hoc|x64.ActiveCfg = Release|Any CPU
		{844E07AE-D0DA-4A9A-9E30-866BC5727446}.Ad-Hoc|x64.Build.0 = Release|Any CPU
		{844E07AE-D0DA-4A9A-9E30-866BC5727446}.Ad-Hoc|x64.Deploy.0 = Release|Any CPU
		{844E07AE-D0DA-4A9A-9E30-866BC5727446}.Ad-Hoc|x86.ActiveCfg = Release|x86
		{844E07AE-D0DA-4A9A-9E30-866BC5727446}.Ad-Hoc|x86.Build.0 = Release|x86
		{844E07AE-D0DA-4A9A-9E30-866BC5727446}.Ad-Hoc|x86.Deploy.0 = Release|x86
		{844E07AE-D0DA-4A9A-9E30-866BC5727446}.AppStore|Any CPU.ActiveCfg = Release|Any CPU
		{844E07AE-D0DA-4A9A-9E30-866BC5727446}.AppStore|Any CPU.Build.0 = Release|Any CPU
		{844E07AE-D0DA-4A9A-9E30-866BC5727446}.AppStore|Any CPU.Deploy.0 = Release|Any CPU
		{844E07AE-D0DA-4A9A-9E30-866BC5727446}.AppStore|ARM.ActiveCfg = Release|ARM
		{844E07AE-D0DA-4A9A-9E30-866BC5727446}.AppStore|ARM.Build.0 = Release|ARM
		{844E07AE-D0DA-4A9A-9E30-866BC5727446}.AppStore|ARM.Deploy.0 = Release|ARM
		{844E07AE-D0DA-4A9A-9E30-866BC5727446}.AppStore|iPhone.ActiveCfg = Release|Any CPU
		{844E07AE-D0DA-4A9A-9E30-866BC5727446}.AppStore|iPhone.Build.0 = Release|Any CPU
		{844E07AE-D0DA-4A9A-9E30-866BC5727446}.AppStore|iPhone.Deploy.0 = Release|Any CPU
		{844E07AE-D0DA-4A9A-9E30-866BC5727446}.AppStore|iPhoneSimulator.ActiveCfg = Release|Any CPU
		{844E07AE-D0DA-4A9A-9E30-866BC5727446}.AppStore|iPhoneSimulator.Build.0 = Release|Any CPU
		{844E07AE-D0DA-4A9A-9E30-866BC5727446}.AppStore|iPhoneSimulator.Deploy.0 = Release|Any CPU
		{844E07AE-D0DA-4A9A-9E30-866BC5727446}.AppStore|x64.ActiveCfg = Release|Any CPU
		{844E07AE-D0DA-4A9A-9E30-866BC5727446}.AppStore|x64.Build.0 = Release|Any CPU
		{844E07AE-D0DA-4A9A-9E30-866BC5727446}.AppStore|x64.Deploy.0 = Release|Any CPU
		{844E07AE-D0DA-4A9A-9E30-866BC5727446}.AppStore|x86.ActiveCfg = Release|x86
		{844E07AE-D0DA-4A9A-9E30-866BC5727446}.AppStore|x86.Build.0 = Release|x86
		{844E07AE-D0DA-4A9A-9E30-866BC5727446}.AppStore|x86.Deploy.0 = Release|x86
		{844E07AE-D0DA-4A9A-9E30-866BC5727446}.Debug|Any CPU.ActiveCfg = Debug|Any CPU
		{844E07AE-D0DA-4A9A-9E30-866BC5727446}.Debug|Any CPU.Build.0 = Debug|Any CPU
		{844E07AE-D0DA-4A9A-9E30-866BC5727446}.Debug|Any CPU.Deploy.0 = Debug|Any CPU
		{844E07AE-D0DA-4A9A-9E30-866BC5727446}.Debug|ARM.ActiveCfg = Debug|ARM
		{844E07AE-D0DA-4A9A-9E30-866BC5727446}.Debug|ARM.Build.0 = Debug|ARM
		{844E07AE-D0DA-4A9A-9E30-866BC5727446}.Debug|ARM.Deploy.0 = Debug|ARM
		{844E07AE-D0DA-4A9A-9E30-866BC5727446}.Debug|iPhone.ActiveCfg = Debug|Any CPU
		{844E07AE-D0DA-4A9A-9E30-866BC5727446}.Debug|iPhone.Build.0 = Debug|Any CPU
		{844E07AE-D0DA-4A9A-9E30-866BC5727446}.Debug|iPhone.Deploy.0 = Debug|Any CPU
		{844E07AE-D0DA-4A9A-9E30-866BC5727446}.Debug|iPhoneSimulator.ActiveCfg = Debug|Any CPU
		{844E07AE-D0DA-4A9A-9E30-866BC5727446}.Debug|iPhoneSimulator.Build.0 = Debug|Any CPU
		{844E07AE-D0DA-4A9A-9E30-866BC5727446}.Debug|iPhoneSimulator.Deploy.0 = Debug|Any CPU
		{844E07AE-D0DA-4A9A-9E30-866BC5727446}.Debug|x64.ActiveCfg = Debug|Any CPU
		{844E07AE-D0DA-4A9A-9E30-866BC5727446}.Debug|x64.Build.0 = Debug|Any CPU
		{844E07AE-D0DA-4A9A-9E30-866BC5727446}.Debug|x64.Deploy.0 = Debug|Any CPU
		{844E07AE-D0DA-4A9A-9E30-866BC5727446}.Debug|x86.ActiveCfg = Debug|x86
		{844E07AE-D0DA-4A9A-9E30-866BC5727446}.Debug|x86.Build.0 = Debug|x86
		{844E07AE-D0DA-4A9A-9E30-866BC5727446}.Debug|x86.Deploy.0 = Debug|x86
		{844E07AE-D0DA-4A9A-9E30-866BC5727446}.Release|Any CPU.ActiveCfg = Release|Any CPU
		{844E07AE-D0DA-4A9A-9E30-866BC5727446}.Release|Any CPU.Build.0 = Release|Any CPU
		{844E07AE-D0DA-4A9A-9E30-866BC5727446}.Release|Any CPU.Deploy.0 = Release|Any CPU
		{844E07AE-D0DA-4A9A-9E30-866BC5727446}.Release|ARM.ActiveCfg = Release|ARM
		{844E07AE-D0DA-4A9A-9E30-866BC5727446}.Release|ARM.Build.0 = Release|ARM
		{844E07AE-D0DA-4A9A-9E30-866BC5727446}.Release|ARM.Deploy.0 = Release|ARM
		{844E07AE-D0DA-4A9A-9E30-866BC5727446}.Release|iPhone.ActiveCfg = Release|Any CPU
		{844E07AE-D0DA-4A9A-9E30-866BC5727446}.Release|iPhone.Build.0 = Release|Any CPU
		{844E07AE-D0DA-4A9A-9E30-866BC5727446}.Release|iPhone.Deploy.0 = Release|Any CPU
		{844E07AE-D0DA-4A9A-9E30-866BC5727446}.Release|iPhoneSimulator.ActiveCfg = Release|Any CPU
		{844E07AE-D0DA-4A9A-9E30-866BC5727446}.Release|iPhoneSimulator.Build.0 = Release|Any CPU
		{844E07AE-D0DA-4A9A-9E30-866BC5727446}.Release|iPhoneSimulator.Deploy.0 = Release|Any CPU
		{844E07AE-D0DA-4A9A-9E30-866BC5727446}.Release|x64.ActiveCfg = Release|Any CPU
		{844E07AE-D0DA-4A9A-9E30-866BC5727446}.Release|x64.Build.0 = Release|Any CPU
		{844E07AE-D0DA-4A9A-9E30-866BC5727446}.Release|x64.Deploy.0 = Release|Any CPU
		{844E07AE-D0DA-4A9A-9E30-866BC5727446}.Release|x86.ActiveCfg = Release|x86
		{844E07AE-D0DA-4A9A-9E30-866BC5727446}.Release|x86.Build.0 = Release|x86
		{844E07AE-D0DA-4A9A-9E30-866BC5727446}.Release|x86.Deploy.0 = Release|x86
		{D5F6196F-7957-4B03-89F9-399A57CF8E84}.Ad-Hoc|Any CPU.ActiveCfg = Release|Any CPU
		{D5F6196F-7957-4B03-89F9-399A57CF8E84}.Ad-Hoc|Any CPU.Build.0 = Release|Any CPU
		{D5F6196F-7957-4B03-89F9-399A57CF8E84}.Ad-Hoc|Any CPU.Deploy.0 = Release|Any CPU
		{D5F6196F-7957-4B03-89F9-399A57CF8E84}.Ad-Hoc|ARM.ActiveCfg = Release|ARM
		{D5F6196F-7957-4B03-89F9-399A57CF8E84}.Ad-Hoc|ARM.Build.0 = Release|ARM
		{D5F6196F-7957-4B03-89F9-399A57CF8E84}.Ad-Hoc|ARM.Deploy.0 = Release|ARM
		{D5F6196F-7957-4B03-89F9-399A57CF8E84}.Ad-Hoc|iPhone.ActiveCfg = Release|Any CPU
		{D5F6196F-7957-4B03-89F9-399A57CF8E84}.Ad-Hoc|iPhone.Build.0 = Release|Any CPU
		{D5F6196F-7957-4B03-89F9-399A57CF8E84}.Ad-Hoc|iPhone.Deploy.0 = Release|Any CPU
		{D5F6196F-7957-4B03-89F9-399A57CF8E84}.Ad-Hoc|iPhoneSimulator.ActiveCfg = Release|Any CPU
		{D5F6196F-7957-4B03-89F9-399A57CF8E84}.Ad-Hoc|iPhoneSimulator.Build.0 = Release|Any CPU
		{D5F6196F-7957-4B03-89F9-399A57CF8E84}.Ad-Hoc|iPhoneSimulator.Deploy.0 = Release|Any CPU
		{D5F6196F-7957-4B03-89F9-399A57CF8E84}.Ad-Hoc|x64.ActiveCfg = Release|x64
		{D5F6196F-7957-4B03-89F9-399A57CF8E84}.Ad-Hoc|x64.Build.0 = Release|x64
		{D5F6196F-7957-4B03-89F9-399A57CF8E84}.Ad-Hoc|x64.Deploy.0 = Release|x64
		{D5F6196F-7957-4B03-89F9-399A57CF8E84}.Ad-Hoc|x86.ActiveCfg = Release|x86
		{D5F6196F-7957-4B03-89F9-399A57CF8E84}.Ad-Hoc|x86.Build.0 = Release|x86
		{D5F6196F-7957-4B03-89F9-399A57CF8E84}.Ad-Hoc|x86.Deploy.0 = Release|x86
		{D5F6196F-7957-4B03-89F9-399A57CF8E84}.AppStore|Any CPU.ActiveCfg = Release|Any CPU
		{D5F6196F-7957-4B03-89F9-399A57CF8E84}.AppStore|Any CPU.Build.0 = Release|Any CPU
		{D5F6196F-7957-4B03-89F9-399A57CF8E84}.AppStore|Any CPU.Deploy.0 = Release|Any CPU
		{D5F6196F-7957-4B03-89F9-399A57CF8E84}.AppStore|ARM.ActiveCfg = Release|ARM
		{D5F6196F-7957-4B03-89F9-399A57CF8E84}.AppStore|ARM.Build.0 = Release|ARM
		{D5F6196F-7957-4B03-89F9-399A57CF8E84}.AppStore|ARM.Deploy.0 = Release|ARM
		{D5F6196F-7957-4B03-89F9-399A57CF8E84}.AppStore|iPhone.ActiveCfg = Release|Any CPU
		{D5F6196F-7957-4B03-89F9-399A57CF8E84}.AppStore|iPhone.Build.0 = Release|Any CPU
		{D5F6196F-7957-4B03-89F9-399A57CF8E84}.AppStore|iPhone.Deploy.0 = Release|Any CPU
		{D5F6196F-7957-4B03-89F9-399A57CF8E84}.AppStore|iPhoneSimulator.ActiveCfg = Release|Any CPU
		{D5F6196F-7957-4B03-89F9-399A57CF8E84}.AppStore|iPhoneSimulator.Build.0 = Release|Any CPU
		{D5F6196F-7957-4B03-89F9-399A57CF8E84}.AppStore|iPhoneSimulator.Deploy.0 = Release|Any CPU
		{D5F6196F-7957-4B03-89F9-399A57CF8E84}.AppStore|x64.ActiveCfg = Release|x64
		{D5F6196F-7957-4B03-89F9-399A57CF8E84}.AppStore|x64.Build.0 = Release|x64
		{D5F6196F-7957-4B03-89F9-399A57CF8E84}.AppStore|x64.Deploy.0 = Release|x64
		{D5F6196F-7957-4B03-89F9-399A57CF8E84}.AppStore|x86.ActiveCfg = Release|x86
		{D5F6196F-7957-4B03-89F9-399A57CF8E84}.AppStore|x86.Build.0 = Release|x86
		{D5F6196F-7957-4B03-89F9-399A57CF8E84}.AppStore|x86.Deploy.0 = Release|x86
		{D5F6196F-7957-4B03-89F9-399A57CF8E84}.Debug|Any CPU.ActiveCfg = Debug|Any CPU
		{D5F6196F-7957-4B03-89F9-399A57CF8E84}.Debug|Any CPU.Build.0 = Debug|Any CPU
		{D5F6196F-7957-4B03-89F9-399A57CF8E84}.Debug|Any CPU.Deploy.0 = Debug|Any CPU
		{D5F6196F-7957-4B03-89F9-399A57CF8E84}.Debug|ARM.ActiveCfg = Debug|ARM
		{D5F6196F-7957-4B03-89F9-399A57CF8E84}.Debug|ARM.Build.0 = Debug|ARM
		{D5F6196F-7957-4B03-89F9-399A57CF8E84}.Debug|ARM.Deploy.0 = Debug|ARM
		{D5F6196F-7957-4B03-89F9-399A57CF8E84}.Debug|iPhone.ActiveCfg = Debug|Any CPU
		{D5F6196F-7957-4B03-89F9-399A57CF8E84}.Debug|iPhone.Build.0 = Debug|Any CPU
		{D5F6196F-7957-4B03-89F9-399A57CF8E84}.Debug|iPhone.Deploy.0 = Debug|Any CPU
		{D5F6196F-7957-4B03-89F9-399A57CF8E84}.Debug|iPhoneSimulator.ActiveCfg = Debug|Any CPU
		{D5F6196F-7957-4B03-89F9-399A57CF8E84}.Debug|iPhoneSimulator.Build.0 = Debug|Any CPU
		{D5F6196F-7957-4B03-89F9-399A57CF8E84}.Debug|iPhoneSimulator.Deploy.0 = Debug|Any CPU
		{D5F6196F-7957-4B03-89F9-399A57CF8E84}.Debug|x64.ActiveCfg = Debug|x64
		{D5F6196F-7957-4B03-89F9-399A57CF8E84}.Debug|x64.Build.0 = Debug|x64
		{D5F6196F-7957-4B03-89F9-399A57CF8E84}.Debug|x64.Deploy.0 = Debug|x64
		{D5F6196F-7957-4B03-89F9-399A57CF8E84}.Debug|x86.ActiveCfg = Debug|x86
		{D5F6196F-7957-4B03-89F9-399A57CF8E84}.Debug|x86.Build.0 = Debug|x86
		{D5F6196F-7957-4B03-89F9-399A57CF8E84}.Debug|x86.Deploy.0 = Debug|x86
		{D5F6196F-7957-4B03-89F9-399A57CF8E84}.Release|Any CPU.ActiveCfg = Release|Any CPU
		{D5F6196F-7957-4B03-89F9-399A57CF8E84}.Release|Any CPU.Build.0 = Release|Any CPU
		{D5F6196F-7957-4B03-89F9-399A57CF8E84}.Release|Any CPU.Deploy.0 = Release|Any CPU
		{D5F6196F-7957-4B03-89F9-399A57CF8E84}.Release|ARM.ActiveCfg = Release|ARM
		{D5F6196F-7957-4B03-89F9-399A57CF8E84}.Release|ARM.Build.0 = Release|ARM
		{D5F6196F-7957-4B03-89F9-399A57CF8E84}.Release|ARM.Deploy.0 = Release|ARM
		{D5F6196F-7957-4B03-89F9-399A57CF8E84}.Release|iPhone.ActiveCfg = Release|Any CPU
		{D5F6196F-7957-4B03-89F9-399A57CF8E84}.Release|iPhone.Build.0 = Release|Any CPU
		{D5F6196F-7957-4B03-89F9-399A57CF8E84}.Release|iPhone.Deploy.0 = Release|Any CPU
		{D5F6196F-7957-4B03-89F9-399A57CF8E84}.Release|iPhoneSimulator.ActiveCfg = Release|Any CPU
		{D5F6196F-7957-4B03-89F9-399A57CF8E84}.Release|iPhoneSimulator.Build.0 = Release|Any CPU
		{D5F6196F-7957-4B03-89F9-399A57CF8E84}.Release|iPhoneSimulator.Deploy.0 = Release|Any CPU
		{D5F6196F-7957-4B03-89F9-399A57CF8E84}.Release|x64.ActiveCfg = Release|x64
		{D5F6196F-7957-4B03-89F9-399A57CF8E84}.Release|x64.Build.0 = Release|x64
		{D5F6196F-7957-4B03-89F9-399A57CF8E84}.Release|x64.Deploy.0 = Release|x64
		{D5F6196F-7957-4B03-89F9-399A57CF8E84}.Release|x86.ActiveCfg = Release|x86
		{D5F6196F-7957-4B03-89F9-399A57CF8E84}.Release|x86.Build.0 = Release|x86
		{D5F6196F-7957-4B03-89F9-399A57CF8E84}.Release|x86.Deploy.0 = Release|x86
	EndGlobalSection
	GlobalSection(SolutionProperties) = preSolution
		HideSolutionNode = FALSE
	EndGlobalSection
EndGlobal
