
Microsoft Visual Studio Solution File, Format Version 12.00
# Visual Studio 14
VisualStudioVersion = 14.0.25123.0
MinimumVisualStudioVersion = 10.0.40219.1
Project("{2150E333-8FDC-42A3-9474-1A3956D46DE8}") = "Libraries", "Libraries", "{24C151A6-D91B-4924-B62F-9F495DA1D20C}"
EndProject
Project("{FAE04EC0-301F-11D3-BF4B-00C04F79EFBC}") = "LiveCoding.Model", "LiveCoding.Model\LiveCoding.Model.csproj", "{CF4371C6-780D-4D1B-9413-7FCDB4115A9D}"
EndProject
Project("{FAE04EC0-301F-11D3-BF4B-00C04F79EFBC}") = "LiveCoding.Context", "LiveCoding.Context\LiveCoding.Context.csproj", "{2AE7C488-47ED-4A55-BD51-99760519E8D2}"
EndProject
Project("{FAE04EC0-301F-11D3-BF4B-00C04F79EFBC}") = "LiveCoding.Business", "LiveCoding.Business\LiveCoding.Business.csproj", "{256FA4BC-7653-4FE7-AE07-F5391AD58079}"
EndProject
Project("{2150E333-8FDC-42A3-9474-1A3956D46DE8}") = "Presentation", "Presentation", "{98890DBD-FB76-44A1-97B3-45A73AA763B8}"
EndProject
Project("{2150E333-8FDC-42A3-9474-1A3956D46DE8}") = "WebApi", "WebApi", "{1833EDD9-9830-42E2-B2D7-919839174B09}"
EndProject
Project("{FAE04EC0-301F-11D3-BF4B-00C04F79EFBC}") = "LiveCoding.Api", "LiveCoding.Api\LiveCoding.Api.csproj", "{EB17C489-1D93-4ADB-9F1D-25431D735B24}"
EndProject
Global
	GlobalSection(SolutionConfigurationPlatforms) = preSolution
		Ad-Hoc|Any CPU = Ad-Hoc|Any CPU
		Ad-Hoc|ARM = Ad-Hoc|ARM
		Ad-Hoc|iPhone = Ad-Hoc|iPhone
		Ad-Hoc|iPhoneSimulator = Ad-Hoc|iPhoneSimulator
		Ad-Hoc|x64 = Ad-Hoc|x64
		Ad-Hoc|x86 = Ad-Hoc|x86
		AppStore|Any CPU = AppStore|Any CPU
		AppStore|ARM = AppStore|ARM
		AppStore|iPhone = AppStore|iPhone
		AppStore|iPhoneSimulator = AppStore|iPhoneSimulator
		AppStore|x64 = AppStore|x64
		AppStore|x86 = AppStore|x86
		Debug|Any CPU = Debug|Any CPU
		Debug|ARM = Debug|ARM
		Debug|iPhone = Debug|iPhone
		Debug|iPhoneSimulator = Debug|iPhoneSimulator
		Debug|x64 = Debug|x64
		Debug|x86 = Debug|x86
		Release|Any CPU = Release|Any CPU
		Release|ARM = Release|ARM
		Release|iPhone = Release|iPhone
		Release|iPhoneSimulator = Release|iPhoneSimulator
		Release|x64 = Release|x64
		Release|x86 = Release|x86
	EndGlobalSection
	GlobalSection(ProjectConfigurationPlatforms) = postSolution
		{CF4371C6-780D-4D1B-9413-7FCDB4115A9D}.Ad-Hoc|Any CPU.ActiveCfg = Release|Any CPU
		{CF4371C6-780D-4D1B-9413-7FCDB4115A9D}.Ad-Hoc|Any CPU.Build.0 = Release|Any CPU
		{CF4371C6-780D-4D1B-9413-7FCDB4115A9D}.Ad-Hoc|ARM.ActiveCfg = Release|Any CPU
		{CF4371C6-780D-4D1B-9413-7FCDB4115A9D}.Ad-Hoc|ARM.Build.0 = Release|Any CPU
		{CF4371C6-780D-4D1B-9413-7FCDB4115A9D}.Ad-Hoc|iPhone.ActiveCfg = Release|Any CPU
		{CF4371C6-780D-4D1B-9413-7FCDB4115A9D}.Ad-Hoc|iPhone.Build.0 = Release|Any CPU
		{CF4371C6-780D-4D1B-9413-7FCDB4115A9D}.Ad-Hoc|iPhoneSimulator.ActiveCfg = Release|Any CPU
		{CF4371C6-780D-4D1B-9413-7FCDB4115A9D}.Ad-Hoc|iPhoneSimulator.Build.0 = Release|Any CPU
		{CF4371C6-780D-4D1B-9413-7FCDB4115A9D}.Ad-Hoc|x64.ActiveCfg = Release|Any CPU
		{CF4371C6-780D-4D1B-9413-7FCDB4115A9D}.Ad-Hoc|x64.Build.0 = Release|Any CPU
		{CF4371C6-780D-4D1B-9413-7FCDB4115A9D}.Ad-Hoc|x86.ActiveCfg = Release|Any CPU
		{CF4371C6-780D-4D1B-9413-7FCDB4115A9D}.Ad-Hoc|x86.Build.0 = Release|Any CPU
		{CF4371C6-780D-4D1B-9413-7FCDB4115A9D}.AppStore|Any CPU.ActiveCfg = Release|Any CPU
		{CF4371C6-780D-4D1B-9413-7FCDB4115A9D}.AppStore|Any CPU.Build.0 = Release|Any CPU
		{CF4371C6-780D-4D1B-9413-7FCDB4115A9D}.AppStore|ARM.ActiveCfg = Release|Any CPU
		{CF4371C6-780D-4D1B-9413-7FCDB4115A9D}.AppStore|ARM.Build.0 = Release|Any CPU
		{CF4371C6-780D-4D1B-9413-7FCDB4115A9D}.AppStore|iPhone.ActiveCfg = Release|Any CPU
		{CF4371C6-780D-4D1B-9413-7FCDB4115A9D}.AppStore|iPhone.Build.0 = Release|Any CPU
		{CF4371C6-780D-4D1B-9413-7FCDB4115A9D}.AppStore|iPhoneSimulator.ActiveCfg = Release|Any CPU
		{CF4371C6-780D-4D1B-9413-7FCDB4115A9D}.AppStore|iPhoneSimulator.Build.0 = Release|Any CPU
		{CF4371C6-780D-4D1B-9413-7FCDB4115A9D}.AppStore|x64.ActiveCfg = Release|Any CPU
		{CF4371C6-780D-4D1B-9413-7FCDB4115A9D}.AppStore|x64.Build.0 = Release|Any CPU
		{CF4371C6-780D-4D1B-9413-7FCDB4115A9D}.AppStore|x86.ActiveCfg = Release|Any CPU
		{CF4371C6-780D-4D1B-9413-7FCDB4115A9D}.AppStore|x86.Build.0 = Release|Any CPU
		{CF4371C6-780D-4D1B-9413-7FCDB4115A9D}.Debug|Any CPU.ActiveCfg = Debug|Any CPU
		{CF4371C6-780D-4D1B-9413-7FCDB4115A9D}.Debug|Any CPU.Build.0 = Debug|Any CPU
		{CF4371C6-780D-4D1B-9413-7FCDB4115A9D}.Debug|ARM.ActiveCfg = Debug|Any CPU
		{CF4371C6-780D-4D1B-9413-7FCDB4115A9D}.Debug|ARM.Build.0 = Debug|Any CPU
		{CF4371C6-780D-4D1B-9413-7FCDB4115A9D}.Debug|iPhone.ActiveCfg = Debug|Any CPU
		{CF4371C6-780D-4D1B-9413-7FCDB4115A9D}.Debug|iPhone.Build.0 = Debug|Any CPU
		{CF4371C6-780D-4D1B-9413-7FCDB4115A9D}.Debug|iPhoneSimulator.ActiveCfg = Debug|Any CPU
		{CF4371C6-780D-4D1B-9413-7FCDB4115A9D}.Debug|iPhoneSimulator.Build.0 = Debug|Any CPU
		{CF4371C6-780D-4D1B-9413-7FCDB4115A9D}.Debug|x64.ActiveCfg = Debug|Any CPU
		{CF4371C6-780D-4D1B-9413-7FCDB4115A9D}.Debug|x64.Build.0 = Debug|Any CPU
		{CF4371C6-780D-4D1B-9413-7FCDB4115A9D}.Debug|x86.ActiveCfg = Debug|Any CPU
		{CF4371C6-780D-4D1B-9413-7FCDB4115A9D}.Debug|x86.Build.0 = Debug|Any CPU
		{CF4371C6-780D-4D1B-9413-7FCDB4115A9D}.Release|Any CPU.ActiveCfg = Release|Any CPU
		{CF4371C6-780D-4D1B-9413-7FCDB4115A9D}.Release|Any CPU.Build.0 = Release|Any CPU
		{CF4371C6-780D-4D1B-9413-7FCDB4115A9D}.Release|ARM.ActiveCfg = Release|Any CPU
		{CF4371C6-780D-4D1B-9413-7FCDB4115A9D}.Release|ARM.Build.0 = Release|Any CPU
		{CF4371C6-780D-4D1B-9413-7FCDB4115A9D}.Release|iPhone.ActiveCfg = Release|Any CPU
		{CF4371C6-780D-4D1B-9413-7FCDB4115A9D}.Release|iPhone.Build.0 = Release|Any CPU
		{CF4371C6-780D-4D1B-9413-7FCDB4115A9D}.Release|iPhoneSimulator.ActiveCfg = Release|Any CPU
		{CF4371C6-780D-4D1B-9413-7FCDB4115A9D}.Release|iPhoneSimulator.Build.0 = Release|Any CPU
		{CF4371C6-780D-4D1B-9413-7FCDB4115A9D}.Release|x64.ActiveCfg = Release|Any CPU
		{CF4371C6-780D-4D1B-9413-7FCDB4115A9D}.Release|x64.Build.0 = Release|Any CPU
		{CF4371C6-780D-4D1B-9413-7FCDB4115A9D}.Release|x86.ActiveCfg = Release|Any CPU
		{CF4371C6-780D-4D1B-9413-7FCDB4115A9D}.Release|x86.Build.0 = Release|Any CPU
		{2AE7C488-47ED-4A55-BD51-99760519E8D2}.Ad-Hoc|Any CPU.ActiveCfg = Release|Any CPU
		{2AE7C488-47ED-4A55-BD51-99760519E8D2}.Ad-Hoc|Any CPU.Build.0 = Release|Any CPU
		{2AE7C488-47ED-4A55-BD51-99760519E8D2}.Ad-Hoc|ARM.ActiveCfg = Release|Any CPU
		{2AE7C488-47ED-4A55-BD51-99760519E8D2}.Ad-Hoc|ARM.Build.0 = Release|Any CPU
		{2AE7C488-47ED-4A55-BD51-99760519E8D2}.Ad-Hoc|iPhone.ActiveCfg = Release|Any CPU
		{2AE7C488-47ED-4A55-BD51-99760519E8D2}.Ad-Hoc|iPhone.Build.0 = Release|Any CPU
		{2AE7C488-47ED-4A55-BD51-99760519E8D2}.Ad-Hoc|iPhoneSimulator.ActiveCfg = Release|Any CPU
		{2AE7C488-47ED-4A55-BD51-99760519E8D2}.Ad-Hoc|iPhoneSimulator.Build.0 = Release|Any CPU
		{2AE7C488-47ED-4A55-BD51-99760519E8D2}.Ad-Hoc|x64.ActiveCfg = Release|Any CPU
		{2AE7C488-47ED-4A55-BD51-99760519E8D2}.Ad-Hoc|x64.Build.0 = Release|Any CPU
		{2AE7C488-47ED-4A55-BD51-99760519E8D2}.Ad-Hoc|x86.ActiveCfg = Release|Any CPU
		{2AE7C488-47ED-4A55-BD51-99760519E8D2}.Ad-Hoc|x86.Build.0 = Release|Any CPU
		{2AE7C488-47ED-4A55-BD51-99760519E8D2}.AppStore|Any CPU.ActiveCfg = Release|Any CPU
		{2AE7C488-47ED-4A55-BD51-99760519E8D2}.AppStore|Any CPU.Build.0 = Release|Any CPU
		{2AE7C488-47ED-4A55-BD51-99760519E8D2}.AppStore|ARM.ActiveCfg = Release|Any CPU
		{2AE7C488-47ED-4A55-BD51-99760519E8D2}.AppStore|ARM.Build.0 = Release|Any CPU
		{2AE7C488-47ED-4A55-BD51-99760519E8D2}.AppStore|iPhone.ActiveCfg = Release|Any CPU
		{2AE7C488-47ED-4A55-BD51-99760519E8D2}.AppStore|iPhone.Build.0 = Release|Any CPU
		{2AE7C488-47ED-4A55-BD51-99760519E8D2}.AppStore|iPhoneSimulator.ActiveCfg = Release|Any CPU
		{2AE7C488-47ED-4A55-BD51-99760519E8D2}.AppStore|iPhoneSimulator.Build.0 = Release|Any CPU
		{2AE7C488-47ED-4A55-BD51-99760519E8D2}.AppStore|x64.ActiveCfg = Release|Any CPU
		{2AE7C488-47ED-4A55-BD51-99760519E8D2}.AppStore|x64.Build.0 = Release|Any CPU
		{2AE7C488-47ED-4A55-BD51-99760519E8D2}.AppStore|x86.ActiveCfg = Release|Any CPU
		{2AE7C488-47ED-4A55-BD51-99760519E8D2}.AppStore|x86.Build.0 = Release|Any CPU
		{2AE7C488-47ED-4A55-BD51-99760519E8D2}.Debug|Any CPU.ActiveCfg = Debug|Any CPU
		{2AE7C488-47ED-4A55-BD51-99760519E8D2}.Debug|Any CPU.Build.0 = Debug|Any CPU
		{2AE7C488-47ED-4A55-BD51-99760519E8D2}.Debug|ARM.ActiveCfg = Debug|Any CPU
		{2AE7C488-47ED-4A55-BD51-99760519E8D2}.Debug|ARM.Build.0 = Debug|Any CPU
		{2AE7C488-47ED-4A55-BD51-99760519E8D2}.Debug|iPhone.ActiveCfg = Debug|Any CPU
		{2AE7C488-47ED-4A55-BD51-99760519E8D2}.Debug|iPhone.Build.0 = Debug|Any CPU
		{2AE7C488-47ED-4A55-BD51-99760519E8D2}.Debug|iPhoneSimulator.ActiveCfg = Debug|Any CPU
		{2AE7C488-47ED-4A55-BD51-99760519E8D2}.Debug|iPhoneSimulator.Build.0 = Debug|Any CPU
		{2AE7C488-47ED-4A55-BD51-99760519E8D2}.Debug|x64.ActiveCfg = Debug|Any CPU
		{2AE7C488-47ED-4A55-BD51-99760519E8D2}.Debug|x64.Build.0 = Debug|Any CPU
		{2AE7C488-47ED-4A55-BD51-99760519E8D2}.Debug|x86.ActiveCfg = Debug|Any CPU
		{2AE7C488-47ED-4A55-BD51-99760519E8D2}.Debug|x86.Build.0 = Debug|Any CPU
		{2AE7C488-47ED-4A55-BD51-99760519E8D2}.Release|Any CPU.ActiveCfg = Release|Any CPU
		{2AE7C488-47ED-4A55-BD51-99760519E8D2}.Release|Any CPU.Build.0 = Release|Any CPU
		{2AE7C488-47ED-4A55-BD51-99760519E8D2}.Release|ARM.ActiveCfg = Release|Any CPU
		{2AE7C488-47ED-4A55-BD51-99760519E8D2}.Release|ARM.Build.0 = Release|Any CPU
		{2AE7C488-47ED-4A55-BD51-99760519E8D2}.Release|iPhone.ActiveCfg = Release|Any CPU
		{2AE7C488-47ED-4A55-BD51-99760519E8D2}.Release|iPhone.Build.0 = Release|Any CPU
		{2AE7C488-47ED-4A55-BD51-99760519E8D2}.Release|iPhoneSimulator.ActiveCfg = Release|Any CPU
		{2AE7C488-47ED-4A55-BD51-99760519E8D2}.Release|iPhoneSimulator.Build.0 = Release|Any CPU
		{2AE7C488-47ED-4A55-BD51-99760519E8D2}.Release|x64.ActiveCfg = Release|Any CPU
		{2AE7C488-47ED-4A55-BD51-99760519E8D2}.Release|x64.Build.0 = Release|Any CPU
		{2AE7C488-47ED-4A55-BD51-99760519E8D2}.Release|x86.ActiveCfg = Release|Any CPU
		{2AE7C488-47ED-4A55-BD51-99760519E8D2}.Release|x86.Build.0 = Release|Any CPU
		{256FA4BC-7653-4FE7-AE07-F5391AD58079}.Ad-Hoc|Any CPU.ActiveCfg = Release|Any CPU
		{256FA4BC-7653-4FE7-AE07-F5391AD58079}.Ad-Hoc|Any CPU.Build.0 = Release|Any CPU
		{256FA4BC-7653-4FE7-AE07-F5391AD58079}.Ad-Hoc|ARM.ActiveCfg = Release|Any CPU
		{256FA4BC-7653-4FE7-AE07-F5391AD58079}.Ad-Hoc|ARM.Build.0 = Release|Any CPU
		{256FA4BC-7653-4FE7-AE07-F5391AD58079}.Ad-Hoc|iPhone.ActiveCfg = Release|Any CPU
		{256FA4BC-7653-4FE7-AE07-F5391AD58079}.Ad-Hoc|iPhone.Build.0 = Release|Any CPU
		{256FA4BC-7653-4FE7-AE07-F5391AD58079}.Ad-Hoc|iPhoneSimulator.ActiveCfg = Release|Any CPU
		{256FA4BC-7653-4FE7-AE07-F5391AD58079}.Ad-Hoc|iPhoneSimulator.Build.0 = Release|Any CPU
		{256FA4BC-7653-4FE7-AE07-F5391AD58079}.Ad-Hoc|x64.ActiveCfg = Release|Any CPU
		{256FA4BC-7653-4FE7-AE07-F5391AD58079}.Ad-Hoc|x64.Build.0 = Release|Any CPU
		{256FA4BC-7653-4FE7-AE07-F5391AD58079}.Ad-Hoc|x86.ActiveCfg = Release|Any CPU
		{256FA4BC-7653-4FE7-AE07-F5391AD58079}.Ad-Hoc|x86.Build.0 = Release|Any CPU
		{256FA4BC-7653-4FE7-AE07-F5391AD58079}.AppStore|Any CPU.ActiveCfg = Release|Any CPU
		{256FA4BC-7653-4FE7-AE07-F5391AD58079}.AppStore|Any CPU.Build.0 = Release|Any CPU
		{256FA4BC-7653-4FE7-AE07-F5391AD58079}.AppStore|ARM.ActiveCfg = Release|Any CPU
		{256FA4BC-7653-4FE7-AE07-F5391AD58079}.AppStore|ARM.Build.0 = Release|Any CPU
		{256FA4BC-7653-4FE7-AE07-F5391AD58079}.AppStore|iPhone.ActiveCfg = Release|Any CPU
		{256FA4BC-7653-4FE7-AE07-F5391AD58079}.AppStore|iPhone.Build.0 = Release|Any CPU
		{256FA4BC-7653-4FE7-AE07-F5391AD58079}.AppStore|iPhoneSimulator.ActiveCfg = Release|Any CPU
		{256FA4BC-7653-4FE7-AE07-F5391AD58079}.AppStore|iPhoneSimulator.Build.0 = Release|Any CPU
		{256FA4BC-7653-4FE7-AE07-F5391AD58079}.AppStore|x64.ActiveCfg = Release|Any CPU
		{256FA4BC-7653-4FE7-AE07-F5391AD58079}.AppStore|x64.Build.0 = Release|Any CPU
		{256FA4BC-7653-4FE7-AE07-F5391AD58079}.AppStore|x86.ActiveCfg = Release|Any CPU
		{256FA4BC-7653-4FE7-AE07-F5391AD58079}.AppStore|x86.Build.0 = Release|Any CPU
		{256FA4BC-7653-4FE7-AE07-F5391AD58079}.Debug|Any CPU.ActiveCfg = Debug|Any CPU
		{256FA4BC-7653-4FE7-AE07-F5391AD58079}.Debug|Any CPU.Build.0 = Debug|Any CPU
		{256FA4BC-7653-4FE7-AE07-F5391AD58079}.Debug|ARM.ActiveCfg = Debug|Any CPU
		{256FA4BC-7653-4FE7-AE07-F5391AD58079}.Debug|ARM.Build.0 = Debug|Any CPU
		{256FA4BC-7653-4FE7-AE07-F5391AD58079}.Debug|iPhone.ActiveCfg = Debug|Any CPU
		{256FA4BC-7653-4FE7-AE07-F5391AD58079}.Debug|iPhone.Build.0 = Debug|Any CPU
		{256FA4BC-7653-4FE7-AE07-F5391AD58079}.Debug|iPhoneSimulator.ActiveCfg = Debug|Any CPU
		{256FA4BC-7653-4FE7-AE07-F5391AD58079}.Debug|iPhoneSimulator.Build.0 = Debug|Any CPU
		{256FA4BC-7653-4FE7-AE07-F5391AD58079}.Debug|x64.ActiveCfg = Debug|Any CPU
		{256FA4BC-7653-4FE7-AE07-F5391AD58079}.Debug|x64.Build.0 = Debug|Any CPU
		{256FA4BC-7653-4FE7-AE07-F5391AD58079}.Debug|x86.ActiveCfg = Debug|Any CPU
		{256FA4BC-7653-4FE7-AE07-F5391AD58079}.Debug|x86.Build.0 = Debug|Any CPU
		{256FA4BC-7653-4FE7-AE07-F5391AD58079}.Release|Any CPU.ActiveCfg = Release|Any CPU
		{256FA4BC-7653-4FE7-AE07-F5391AD58079}.Release|Any CPU.Build.0 = Release|Any CPU
		{256FA4BC-7653-4FE7-AE07-F5391AD58079}.Release|ARM.ActiveCfg = Release|Any CPU
		{256FA4BC-7653-4FE7-AE07-F5391AD58079}.Release|ARM.Build.0 = Release|Any CPU
		{256FA4BC-7653-4FE7-AE07-F5391AD58079}.Release|iPhone.ActiveCfg = Release|Any CPU
		{256FA4BC-7653-4FE7-AE07-F5391AD58079}.Release|iPhone.Build.0 = Release|Any CPU
		{256FA4BC-7653-4FE7-AE07-F5391AD58079}.Release|iPhoneSimulator.ActiveCfg = Release|Any CPU
		{256FA4BC-7653-4FE7-AE07-F5391AD58079}.Release|iPhoneSimulator.Build.0 = Release|Any CPU
		{256FA4BC-7653-4FE7-AE07-F5391AD58079}.Release|x64.ActiveCfg = Release|Any CPU
		{256FA4BC-7653-4FE7-AE07-F5391AD58079}.Release|x64.Build.0 = Release|Any CPU
		{256FA4BC-7653-4FE7-AE07-F5391AD58079}.Release|x86.ActiveCfg = Release|Any CPU
		{256FA4BC-7653-4FE7-AE07-F5391AD58079}.Release|x86.Build.0 = Release|Any CPU
		{EB17C489-1D93-4ADB-9F1D-25431D735B24}.Ad-Hoc|Any CPU.ActiveCfg = Release|Any CPU
		{EB17C489-1D93-4ADB-9F1D-25431D735B24}.Ad-Hoc|Any CPU.Build.0 = Release|Any CPU
		{EB17C489-1D93-4ADB-9F1D-25431D735B24}.Ad-Hoc|ARM.ActiveCfg = Release|Any CPU
		{EB17C489-1D93-4ADB-9F1D-25431D735B24}.Ad-Hoc|ARM.Build.0 = Release|Any CPU
		{EB17C489-1D93-4ADB-9F1D-25431D735B24}.Ad-Hoc|iPhone.ActiveCfg = Release|Any CPU
		{EB17C489-1D93-4ADB-9F1D-25431D735B24}.Ad-Hoc|iPhone.Build.0 = Release|Any CPU
		{EB17C489-1D93-4ADB-9F1D-25431D735B24}.Ad-Hoc|iPhoneSimulator.ActiveCfg = Release|Any CPU
		{EB17C489-1D93-4ADB-9F1D-25431D735B24}.Ad-Hoc|iPhoneSimulator.Build.0 = Release|Any CPU
		{EB17C489-1D93-4ADB-9F1D-25431D735B24}.Ad-Hoc|x64.ActiveCfg = Release|Any CPU
		{EB17C489-1D93-4ADB-9F1D-25431D735B24}.Ad-Hoc|x64.Build.0 = Release|Any CPU
		{EB17C489-1D93-4ADB-9F1D-25431D735B24}.Ad-Hoc|x86.ActiveCfg = Release|Any CPU
		{EB17C489-1D93-4ADB-9F1D-25431D735B24}.Ad-Hoc|x86.Build.0 = Release|Any CPU
		{EB17C489-1D93-4ADB-9F1D-25431D735B24}.AppStore|Any CPU.ActiveCfg = Release|Any CPU
		{EB17C489-1D93-4ADB-9F1D-25431D735B24}.AppStore|Any CPU.Build.0 = Release|Any CPU
		{EB17C489-1D93-4ADB-9F1D-25431D735B24}.AppStore|ARM.ActiveCfg = Release|Any CPU
		{EB17C489-1D93-4ADB-9F1D-25431D735B24}.AppStore|ARM.Build.0 = Release|Any CPU
		{EB17C489-1D93-4ADB-9F1D-25431D735B24}.AppStore|iPhone.ActiveCfg = Release|Any CPU
		{EB17C489-1D93-4ADB-9F1D-25431D735B24}.AppStore|iPhone.Build.0 = Release|Any CPU
		{EB17C489-1D93-4ADB-9F1D-25431D735B24}.AppStore|iPhoneSimulator.ActiveCfg = Release|Any CPU
		{EB17C489-1D93-4ADB-9F1D-25431D735B24}.AppStore|iPhoneSimulator.Build.0 = Release|Any CPU
		{EB17C489-1D93-4ADB-9F1D-25431D735B24}.AppStore|x64.ActiveCfg = Release|Any CPU
		{EB17C489-1D93-4ADB-9F1D-25431D735B24}.AppStore|x64.Build.0 = Release|Any CPU
		{EB17C489-1D93-4ADB-9F1D-25431D735B24}.AppStore|x86.ActiveCfg = Release|Any CPU
		{EB17C489-1D93-4ADB-9F1D-25431D735B24}.AppStore|x86.Build.0 = Release|Any CPU
		{EB17C489-1D93-4ADB-9F1D-25431D735B24}.Debug|Any CPU.ActiveCfg = Debug|Any CPU
		{EB17C489-1D93-4ADB-9F1D-25431D735B24}.Debug|Any CPU.Build.0 = Debug|Any CPU
		{EB17C489-1D93-4ADB-9F1D-25431D735B24}.Debug|ARM.ActiveCfg = Debug|Any CPU
		{EB17C489-1D93-4ADB-9F1D-25431D735B24}.Debug|ARM.Build.0 = Debug|Any CPU
		{EB17C489-1D93-4ADB-9F1D-25431D735B24}.Debug|iPhone.ActiveCfg = Debug|Any CPU
		{EB17C489-1D93-4ADB-9F1D-25431D735B24}.Debug|iPhone.Build.0 = Debug|Any CPU
		{EB17C489-1D93-4ADB-9F1D-25431D735B24}.Debug|iPhoneSimulator.ActiveCfg = Debug|Any CPU
		{EB17C489-1D93-4ADB-9F1D-25431D735B24}.Debug|iPhoneSimulator.Build.0 = Debug|Any CPU
		{EB17C489-1D93-4ADB-9F1D-25431D735B24}.Debug|x64.ActiveCfg = Debug|Any CPU
		{EB17C489-1D93-4ADB-9F1D-25431D735B24}.Debug|x64.Build.0 = Debug|Any CPU
		{EB17C489-1D93-4ADB-9F1D-25431D735B24}.Debug|x86.ActiveCfg = Debug|Any CPU
		{EB17C489-1D93-4ADB-9F1D-25431D735B24}.Debug|x86.Build.0 = Debug|Any CPU
		{EB17C489-1D93-4ADB-9F1D-25431D735B24}.Release|Any CPU.ActiveCfg = Release|Any CPU
		{EB17C489-1D93-4ADB-9F1D-25431D735B24}.Release|Any CPU.Build.0 = Release|Any CPU
		{EB17C489-1D93-4ADB-9F1D-25431D735B24}.Release|ARM.ActiveCfg = Release|Any CPU
		{EB17C489-1D93-4ADB-9F1D-25431D735B24}.Release|ARM.Build.0 = Release|Any CPU
		{EB17C489-1D93-4ADB-9F1D-25431D735B24}.Release|iPhone.ActiveCfg = Release|Any CPU
		{EB17C489-1D93-4ADB-9F1D-25431D735B24}.Release|iPhone.Build.0 = Release|Any CPU
		{EB17C489-1D93-4ADB-9F1D-25431D735B24}.Release|iPhoneSimulator.ActiveCfg = Release|Any CPU
		{EB17C489-1D93-4ADB-9F1D-25431D735B24}.Release|iPhoneSimulator.Build.0 = Release|Any CPU
		{EB17C489-1D93-4ADB-9F1D-25431D735B24}.Release|x64.ActiveCfg = Release|Any CPU
		{EB17C489-1D93-4ADB-9F1D-25431D735B24}.Release|x64.Build.0 = Release|Any CPU
		{EB17C489-1D93-4ADB-9F1D-25431D735B24}.Release|x86.ActiveCfg = Release|Any CPU
		{EB17C489-1D93-4ADB-9F1D-25431D735B24}.Release|x86.Build.0 = Release|Any CPU
	EndGlobalSection
	GlobalSection(SolutionProperties) = preSolution
		HideSolutionNode = FALSE
	EndGlobalSection
	GlobalSection(NestedProjects) = preSolution
		{CF4371C6-780D-4D1B-9413-7FCDB4115A9D} = {24C151A6-D91B-4924-B62F-9F495DA1D20C}
		{2AE7C488-47ED-4A55-BD51-99760519E8D2} = {24C151A6-D91B-4924-B62F-9F495DA1D20C}
		{256FA4BC-7653-4FE7-AE07-F5391AD58079} = {24C151A6-D91B-4924-B62F-9F495DA1D20C}
		{1833EDD9-9830-42E2-B2D7-919839174B09} = {98890DBD-FB76-44A1-97B3-45A73AA763B8}
		{EB17C489-1D93-4ADB-9F1D-25431D735B24} = {1833EDD9-9830-42E2-B2D7-919839174B09}
	EndGlobalSection
EndGlobal
